// !$*UTF8*$!
{
	archiveVersion = 1;
	classes = {
	};
	objectVersion = 55;
	objects = {

/* Begin PBXBuildFile section */
		24247D4E283BA72A001622F2 /* ConfirmationView.swift in Sources */ = {isa = PBXBuildFile; fileRef = 24247D4D283BA72A001622F2 /* ConfirmationView.swift */; };
		24247D5D283D1997001622F2 /* CameraTests.swift in Sources */ = {isa = PBXBuildFile; fileRef = 24247D5C283D1997001622F2 /* CameraTests.swift */; };
		24247D5F283DD753001622F2 /* CameraService.swift in Sources */ = {isa = PBXBuildFile; fileRef = 24247D5E283DD753001622F2 /* CameraService.swift */; };
		24A8B11F2835148D0010C57B /* CameraActionButton.swift in Sources */ = {isa = PBXBuildFile; fileRef = 24A8B11E2835148D0010C57B /* CameraActionButton.swift */; };
		24A8B123283522AF0010C57B /* ImagePickerPreview.swift in Sources */ = {isa = PBXBuildFile; fileRef = 24A8B122283522AF0010C57B /* ImagePickerPreview.swift */; };
		24E73A772833B86300CBA2EC /* CameraView.swift in Sources */ = {isa = PBXBuildFile; fileRef = 24E73A762833B86300CBA2EC /* CameraView.swift */; };
		24E73A792833BBD900CBA2EC /* TakePictureButton.swift in Sources */ = {isa = PBXBuildFile; fileRef = 24E73A782833BBD900CBA2EC /* TakePictureButton.swift */; };
		24E73A7B2833C28D00CBA2EC /* CameraViewModel.swift in Sources */ = {isa = PBXBuildFile; fileRef = 24E73A7A2833C28D00CBA2EC /* CameraViewModel.swift */; };
		24E73A7D2833D0A000CBA2EC /* CameraPreview.swift in Sources */ = {isa = PBXBuildFile; fileRef = 24E73A7C2833D0A000CBA2EC /* CameraPreview.swift */; };
		30D181ECA75CCB5165724740 /* Pods_what_a_dog.framework in Frameworks */ = {isa = PBXBuildFile; fileRef = FEC65B1FB76DCF1072F4DA0A /* Pods_what_a_dog.framework */; };
		31482917283BB1D8001E839D /* DogsApiService.swift in Sources */ = {isa = PBXBuildFile; fileRef = 31482916283BB1D8001E839D /* DogsApiService.swift */; };
		31B4801328353CB9003A74E9 /* Dog.swift in Sources */ = {isa = PBXBuildFile; fileRef = 31B4801228353CB9003A74E9 /* Dog.swift */; };
		31B4801528353CD6003A74E9 /* DogHeight.swift in Sources */ = {isa = PBXBuildFile; fileRef = 31B4801428353CD6003A74E9 /* DogHeight.swift */; };
		31B4801728353CF3003A74E9 /* DogWeight.swift in Sources */ = {isa = PBXBuildFile; fileRef = 31B4801628353CF3003A74E9 /* DogWeight.swift */; };
		31B4801928353D1B003A74E9 /* DogImage.swift in Sources */ = {isa = PBXBuildFile; fileRef = 31B4801828353D1B003A74E9 /* DogImage.swift */; };
		31B4801C28353D79003A74E9 /* BreedsListViewCard.swift in Sources */ = {isa = PBXBuildFile; fileRef = 31B4801B28353D79003A74E9 /* BreedsListViewCard.swift */; };
		31B4801E28353D9C003A74E9 /* BreedListViewModel.swift in Sources */ = {isa = PBXBuildFile; fileRef = 31B4801D28353D9C003A74E9 /* BreedListViewModel.swift */; };
		31B4802028353DBB003A74E9 /* BreedsListView.swift in Sources */ = {isa = PBXBuildFile; fileRef = 31B4801F28353DBB003A74E9 /* BreedsListView.swift */; };
		3F33F3BB282E83A2002A3BEE /* WADButton.swift in Sources */ = {isa = PBXBuildFile; fileRef = 3F33F3BA282E83A2002A3BEE /* WADButton.swift */; };
		3F33F3BD282E83F8002A3BEE /* Colors.swift in Sources */ = {isa = PBXBuildFile; fileRef = 3F33F3BC282E83F8002A3BEE /* Colors.swift */; };
		3F33F3BF282E841D002A3BEE /* Request.swift in Sources */ = {isa = PBXBuildFile; fileRef = 3F33F3BE282E841D002A3BEE /* Request.swift */; };
		3F73CFC228357F7B009F8AEF /* BreedDetector.swift in Sources */ = {isa = PBXBuildFile; fileRef = 3F73CFC128357F7B009F8AEF /* BreedDetector.swift */; };
		3F855874283667BD005BABBE /* BreedClassifier.mlmodel in Sources */ = {isa = PBXBuildFile; fileRef = 3F855873283667BD005BABBE /* BreedClassifier.mlmodel */; };
		3F85587728366B9A005BABBE /* CGImage+CVPixelBuffer.swift in Sources */ = {isa = PBXBuildFile; fileRef = 3F85587628366B9A005BABBE /* CGImage+CVPixelBuffer.swift */; };
		3F85587928368781005BABBE /* Double+Percentage.swift in Sources */ = {isa = PBXBuildFile; fileRef = 3F85587828368781005BABBE /* Double+Percentage.swift */; };
		3F85587C28368CE8005BABBE /* BreedClassification.swift in Sources */ = {isa = PBXBuildFile; fileRef = 3F85587B28368CE8005BABBE /* BreedClassification.swift */; };
		3FBCE7E9282AAC6F004450D0 /* MainApp.swift in Sources */ = {isa = PBXBuildFile; fileRef = 3FBCE7E8282AAC6F004450D0 /* MainApp.swift */; };
		3FBCE7EB282AAC6F004450D0 /* ContentView.swift in Sources */ = {isa = PBXBuildFile; fileRef = 3FBCE7EA282AAC6F004450D0 /* ContentView.swift */; };
		3FBCE7ED282AAC71004450D0 /* Assets.xcassets in Resources */ = {isa = PBXBuildFile; fileRef = 3FBCE7EC282AAC71004450D0 /* Assets.xcassets */; };
		3FBCE7F0282AAC71004450D0 /* Preview Assets.xcassets in Resources */ = {isa = PBXBuildFile; fileRef = 3FBCE7EF282AAC71004450D0 /* Preview Assets.xcassets */; };
		3FBCE7F7282AAD2A004450D0 /* .gitignore in Resources */ = {isa = PBXBuildFile; fileRef = 3FBCE7F6282AAD2A004450D0 /* .gitignore */; };
		8601286428326D26007A857E /* CardsView.swift in Sources */ = {isa = PBXBuildFile; fileRef = 8601286328326D26007A857E /* CardsView.swift */; };
		8607A82F28450305004D0759 /* ARButton.swift in Sources */ = {isa = PBXBuildFile; fileRef = 8607A82E28450305004D0759 /* ARButton.swift */; };
		8607A831284503D1004D0759 /* NavigationIndicator.swift in Sources */ = {isa = PBXBuildFile; fileRef = 8607A830284503D1004D0759 /* NavigationIndicator.swift */; };
		862EF027283E5A60006F1178 /* AudioManager.swift in Sources */ = {isa = PBXBuildFile; fileRef = 862EF026283E5A60006F1178 /* AudioManager.swift */; };
		862EF029283E5B82006F1178 /* Bark.wav in Resources */ = {isa = PBXBuildFile; fileRef = 862EF028283E5B82006F1178 /* Bark.wav */; };
		86328F5E283654C2006B5B1E /* CornerRadius.swift in Sources */ = {isa = PBXBuildFile; fileRef = 86328F5D283654C2006B5B1E /* CornerRadius.swift */; };
		866CED98283D220500F2EEF7 /* Doguinho_low_poly_doguinho_uv_Roughness.png in Resources */ = {isa = PBXBuildFile; fileRef = 866CED93283D220500F2EEF7 /* Doguinho_low_poly_doguinho_uv_Roughness.png */; };
		866CED9A283D223600F2EEF7 /* Doguinho.scn in Resources */ = {isa = PBXBuildFile; fileRef = 866CED99283D223600F2EEF7 /* Doguinho.scn */; };
		866CED9C283D236900F2EEF7 /* Doguinho_low_poly_doguinho_uv_BaseColor.png in Resources */ = {isa = PBXBuildFile; fileRef = 866CED9B283D236900F2EEF7 /* Doguinho_low_poly_doguinho_uv_BaseColor.png */; };
		866CED9E283D237800F2EEF7 /* Doguinho_low_poly_doguinho_uv_Normal.png in Resources */ = {isa = PBXBuildFile; fileRef = 866CED9D283D237800F2EEF7 /* Doguinho_low_poly_doguinho_uv_Normal.png */; };
		86AFB49E284633BA00AA5429 /* NavBackButton.swift in Sources */ = {isa = PBXBuildFile; fileRef = 86AFB49D284633BA00AA5429 /* NavBackButton.swift */; };
		86E2568E283D07930095054B /* ARView.swift in Sources */ = {isa = PBXBuildFile; fileRef = 86E2568D283D07930095054B /* ARView.swift */; };
		A704C3BD283BD045005E36B1 /* BreedSelectionCell.swift in Sources */ = {isa = PBXBuildFile; fileRef = A704C3BC283BD045005E36B1 /* BreedSelectionCell.swift */; };
		A704C3BF283E511E005E36B1 /* ImageExtendion.swift in Sources */ = {isa = PBXBuildFile; fileRef = A704C3BE283E511E005E36B1 /* ImageExtendion.swift */; };
		D0309EFF2833CE2A00C5CAE3 /* BreedSelectionModal.swift in Sources */ = {isa = PBXBuildFile; fileRef = D0309EFE2833CE2A00C5CAE3 /* BreedSelectionModal.swift */; };
/* End PBXBuildFile section */

/* Begin PBXContainerItemProxy section */
		24247D57283D1951001622F2 /* PBXContainerItemProxy */ = {
			isa = PBXContainerItemProxy;
			containerPortal = 3FBCE7DD282AAC6F004450D0 /* Project object */;
			proxyType = 1;
			remoteGlobalIDString = 3FBCE7E4282AAC6F004450D0;
			remoteInfo = "what-a-dog";
		};
/* End PBXContainerItemProxy section */

/* Begin PBXFileReference section */
		24247D4D283BA72A001622F2 /* ConfirmationView.swift */ = {isa = PBXFileReference; lastKnownFileType = sourcecode.swift; path = ConfirmationView.swift; sourceTree = "<group>"; };
		24247D53283D1951001622F2 /* what-a-dogTests.xctest */ = {isa = PBXFileReference; explicitFileType = wrapper.cfbundle; includeInIndex = 0; path = "what-a-dogTests.xctest"; sourceTree = BUILT_PRODUCTS_DIR; };
		24247D5C283D1997001622F2 /* CameraTests.swift */ = {isa = PBXFileReference; lastKnownFileType = sourcecode.swift; path = CameraTests.swift; sourceTree = "<group>"; };
		24247D5E283DD753001622F2 /* CameraService.swift */ = {isa = PBXFileReference; lastKnownFileType = sourcecode.swift; path = CameraService.swift; sourceTree = "<group>"; };
		24A8B11E2835148D0010C57B /* CameraActionButton.swift */ = {isa = PBXFileReference; lastKnownFileType = sourcecode.swift; path = CameraActionButton.swift; sourceTree = "<group>"; };
		24A8B122283522AF0010C57B /* ImagePickerPreview.swift */ = {isa = PBXFileReference; lastKnownFileType = sourcecode.swift; path = ImagePickerPreview.swift; sourceTree = "<group>"; };
		24E73A762833B86300CBA2EC /* CameraView.swift */ = {isa = PBXFileReference; lastKnownFileType = sourcecode.swift; path = CameraView.swift; sourceTree = "<group>"; };
		24E73A782833BBD900CBA2EC /* TakePictureButton.swift */ = {isa = PBXFileReference; lastKnownFileType = sourcecode.swift; path = TakePictureButton.swift; sourceTree = "<group>"; };
		24E73A7A2833C28D00CBA2EC /* CameraViewModel.swift */ = {isa = PBXFileReference; lastKnownFileType = sourcecode.swift; path = CameraViewModel.swift; sourceTree = "<group>"; };
		24E73A7C2833D0A000CBA2EC /* CameraPreview.swift */ = {isa = PBXFileReference; lastKnownFileType = sourcecode.swift; path = CameraPreview.swift; sourceTree = "<group>"; };
		310A81E2283FC0140052270B /* Info.plist */ = {isa = PBXFileReference; lastKnownFileType = text.plist; path = Info.plist; sourceTree = "<group>"; };
		31482916283BB1D8001E839D /* DogsApiService.swift */ = {isa = PBXFileReference; lastKnownFileType = sourcecode.swift; path = DogsApiService.swift; sourceTree = "<group>"; };
		31B4801228353CB9003A74E9 /* Dog.swift */ = {isa = PBXFileReference; lastKnownFileType = sourcecode.swift; path = Dog.swift; sourceTree = "<group>"; };
		31B4801428353CD6003A74E9 /* DogHeight.swift */ = {isa = PBXFileReference; lastKnownFileType = sourcecode.swift; path = DogHeight.swift; sourceTree = "<group>"; };
		31B4801628353CF3003A74E9 /* DogWeight.swift */ = {isa = PBXFileReference; lastKnownFileType = sourcecode.swift; path = DogWeight.swift; sourceTree = "<group>"; };
		31B4801828353D1B003A74E9 /* DogImage.swift */ = {isa = PBXFileReference; lastKnownFileType = sourcecode.swift; path = DogImage.swift; sourceTree = "<group>"; };
		31B4801B28353D79003A74E9 /* BreedsListViewCard.swift */ = {isa = PBXFileReference; lastKnownFileType = sourcecode.swift; path = BreedsListViewCard.swift; sourceTree = "<group>"; };
		31B4801D28353D9C003A74E9 /* BreedListViewModel.swift */ = {isa = PBXFileReference; lastKnownFileType = sourcecode.swift; path = BreedListViewModel.swift; sourceTree = "<group>"; };
		31B4801F28353DBB003A74E9 /* BreedsListView.swift */ = {isa = PBXFileReference; lastKnownFileType = sourcecode.swift; path = BreedsListView.swift; sourceTree = "<group>"; };
		3F33F3BA282E83A2002A3BEE /* WADButton.swift */ = {isa = PBXFileReference; lastKnownFileType = sourcecode.swift; path = WADButton.swift; sourceTree = "<group>"; };
		3F33F3BC282E83F8002A3BEE /* Colors.swift */ = {isa = PBXFileReference; lastKnownFileType = sourcecode.swift; path = Colors.swift; sourceTree = "<group>"; };
		3F33F3BE282E841D002A3BEE /* Request.swift */ = {isa = PBXFileReference; lastKnownFileType = sourcecode.swift; path = Request.swift; sourceTree = "<group>"; };
		3F73CFC128357F7B009F8AEF /* BreedDetector.swift */ = {isa = PBXFileReference; lastKnownFileType = sourcecode.swift; path = BreedDetector.swift; sourceTree = "<group>"; };
		3F855873283667BD005BABBE /* BreedClassifier.mlmodel */ = {isa = PBXFileReference; lastKnownFileType = file.mlmodel; path = BreedClassifier.mlmodel; sourceTree = "<group>"; };
		3F85587628366B9A005BABBE /* CGImage+CVPixelBuffer.swift */ = {isa = PBXFileReference; lastKnownFileType = sourcecode.swift; path = "CGImage+CVPixelBuffer.swift"; sourceTree = "<group>"; };
		3F85587828368781005BABBE /* Double+Percentage.swift */ = {isa = PBXFileReference; lastKnownFileType = sourcecode.swift; path = "Double+Percentage.swift"; sourceTree = "<group>"; };
		3F85587B28368CE8005BABBE /* BreedClassification.swift */ = {isa = PBXFileReference; lastKnownFileType = sourcecode.swift; path = BreedClassification.swift; sourceTree = "<group>"; };
		3FBCE7E5282AAC6F004450D0 /* what-a-dog.app */ = {isa = PBXFileReference; explicitFileType = wrapper.application; includeInIndex = 0; path = "what-a-dog.app"; sourceTree = BUILT_PRODUCTS_DIR; };
		3FBCE7E8282AAC6F004450D0 /* MainApp.swift */ = {isa = PBXFileReference; lastKnownFileType = sourcecode.swift; path = MainApp.swift; sourceTree = "<group>"; };
		3FBCE7EA282AAC6F004450D0 /* ContentView.swift */ = {isa = PBXFileReference; lastKnownFileType = sourcecode.swift; path = ContentView.swift; sourceTree = "<group>"; };
		3FBCE7EC282AAC71004450D0 /* Assets.xcassets */ = {isa = PBXFileReference; lastKnownFileType = folder.assetcatalog; path = Assets.xcassets; sourceTree = "<group>"; };
		3FBCE7EF282AAC71004450D0 /* Preview Assets.xcassets */ = {isa = PBXFileReference; lastKnownFileType = folder.assetcatalog; path = "Preview Assets.xcassets"; sourceTree = "<group>"; };
		3FBCE7F6282AAD2A004450D0 /* .gitignore */ = {isa = PBXFileReference; lastKnownFileType = text; path = .gitignore; sourceTree = "<group>"; };
		6E3EDFF6E245E950574BC6FE /* Pods-what-a-dog.release.xcconfig */ = {isa = PBXFileReference; includeInIndex = 1; lastKnownFileType = text.xcconfig; name = "Pods-what-a-dog.release.xcconfig"; path = "Target Support Files/Pods-what-a-dog/Pods-what-a-dog.release.xcconfig"; sourceTree = "<group>"; };
		789A8769CCC26E5F5107BB23 /* Pods-what-a-dog.debug.xcconfig */ = {isa = PBXFileReference; includeInIndex = 1; lastKnownFileType = text.xcconfig; name = "Pods-what-a-dog.debug.xcconfig"; path = "Target Support Files/Pods-what-a-dog/Pods-what-a-dog.debug.xcconfig"; sourceTree = "<group>"; };
		8601286328326D26007A857E /* CardsView.swift */ = {isa = PBXFileReference; lastKnownFileType = sourcecode.swift; path = CardsView.swift; sourceTree = "<group>"; };
		8607A82E28450305004D0759 /* ARButton.swift */ = {isa = PBXFileReference; lastKnownFileType = sourcecode.swift; path = ARButton.swift; sourceTree = "<group>"; };
		8607A830284503D1004D0759 /* NavigationIndicator.swift */ = {isa = PBXFileReference; lastKnownFileType = sourcecode.swift; path = NavigationIndicator.swift; sourceTree = "<group>"; };
		862EF026283E5A60006F1178 /* AudioManager.swift */ = {isa = PBXFileReference; fileEncoding = 4; lastKnownFileType = sourcecode.swift; path = AudioManager.swift; sourceTree = "<group>"; };
		862EF028283E5B82006F1178 /* Bark.wav */ = {isa = PBXFileReference; lastKnownFileType = audio.wav; path = Bark.wav; sourceTree = "<group>"; };
		86328F5D283654C2006B5B1E /* CornerRadius.swift */ = {isa = PBXFileReference; lastKnownFileType = sourcecode.swift; path = CornerRadius.swift; sourceTree = "<group>"; };
		866CED93283D220500F2EEF7 /* Doguinho_low_poly_doguinho_uv_Roughness.png */ = {isa = PBXFileReference; lastKnownFileType = image.png; path = Doguinho_low_poly_doguinho_uv_Roughness.png; sourceTree = "<group>"; };
		866CED99283D223600F2EEF7 /* Doguinho.scn */ = {isa = PBXFileReference; lastKnownFileType = file.bplist; path = Doguinho.scn; sourceTree = "<group>"; };
		866CED9B283D236900F2EEF7 /* Doguinho_low_poly_doguinho_uv_BaseColor.png */ = {isa = PBXFileReference; lastKnownFileType = image.png; path = Doguinho_low_poly_doguinho_uv_BaseColor.png; sourceTree = "<group>"; };
		866CED9D283D237800F2EEF7 /* Doguinho_low_poly_doguinho_uv_Normal.png */ = {isa = PBXFileReference; lastKnownFileType = image.png; path = Doguinho_low_poly_doguinho_uv_Normal.png; sourceTree = "<group>"; };
		86AFB49D284633BA00AA5429 /* NavBackButton.swift */ = {isa = PBXFileReference; lastKnownFileType = sourcecode.swift; path = NavBackButton.swift; sourceTree = "<group>"; };
		86E2568D283D07930095054B /* ARView.swift */ = {isa = PBXFileReference; fileEncoding = 4; lastKnownFileType = sourcecode.swift; path = ARView.swift; sourceTree = "<group>"; };
		A704C3BC283BD045005E36B1 /* BreedSelectionCell.swift */ = {isa = PBXFileReference; lastKnownFileType = sourcecode.swift; path = BreedSelectionCell.swift; sourceTree = "<group>"; };
		A704C3BE283E511E005E36B1 /* ImageExtendion.swift */ = {isa = PBXFileReference; lastKnownFileType = sourcecode.swift; path = ImageExtendion.swift; sourceTree = "<group>"; };
		D0309EFE2833CE2A00C5CAE3 /* BreedSelectionModal.swift */ = {isa = PBXFileReference; lastKnownFileType = sourcecode.swift; path = BreedSelectionModal.swift; sourceTree = "<group>"; };
		FEC65B1FB76DCF1072F4DA0A /* Pods_what_a_dog.framework */ = {isa = PBXFileReference; explicitFileType = wrapper.framework; includeInIndex = 0; path = Pods_what_a_dog.framework; sourceTree = BUILT_PRODUCTS_DIR; };
/* End PBXFileReference section */

/* Begin PBXFrameworksBuildPhase section */
		24247D50283D1951001622F2 /* Frameworks */ = {
			isa = PBXFrameworksBuildPhase;
			buildActionMask = 2147483647;
			files = (
			);
			runOnlyForDeploymentPostprocessing = 0;
		};
		3FBCE7E2282AAC6F004450D0 /* Frameworks */ = {
			isa = PBXFrameworksBuildPhase;
			buildActionMask = 2147483647;
			files = (
				30D181ECA75CCB5165724740 /* Pods_what_a_dog.framework in Frameworks */,
			);
			runOnlyForDeploymentPostprocessing = 0;
		};
/* End PBXFrameworksBuildPhase section */

/* Begin PBXGroup section */
		24247D54283D1951001622F2 /* what-a-dogTests */ = {
			isa = PBXGroup;
			children = (
				24247D5C283D1997001622F2 /* CameraTests.swift */,
			);
			path = "what-a-dogTests";
			sourceTree = "<group>";
		};
		24A8B11C28350F5A0010C57B /* Camera */ = {
			isa = PBXGroup;
			children = (
				24E73A762833B86300CBA2EC /* CameraView.swift */,
				24E73A7A2833C28D00CBA2EC /* CameraViewModel.swift */,
				24E73A7C2833D0A000CBA2EC /* CameraPreview.swift */,
				24A8B122283522AF0010C57B /* ImagePickerPreview.swift */,
				24247D4D283BA72A001622F2 /* ConfirmationView.swift */,
				24247D5E283DD753001622F2 /* CameraService.swift */,
			);
			path = Camera;
			sourceTree = "<group>";
		};
		24A8B11D283514600010C57B /* Buttons */ = {
			isa = PBXGroup;
			children = (
				3F33F3BA282E83A2002A3BEE /* WADButton.swift */,
				24E73A782833BBD900CBA2EC /* TakePictureButton.swift */,
				24A8B11E2835148D0010C57B /* CameraActionButton.swift */,
				8607A82E28450305004D0759 /* ARButton.swift */,
				86AFB49D284633BA00AA5429 /* NavBackButton.swift */,
			);
			path = Buttons;
			sourceTree = "<group>";
		};
		31954CF52844EAE400FE613C /* Dog */ = {
			isa = PBXGroup;
			children = (
				31B4801228353CB9003A74E9 /* Dog.swift */,
				31B4801428353CD6003A74E9 /* DogHeight.swift */,
				31B4801628353CF3003A74E9 /* DogWeight.swift */,
				31B4801828353D1B003A74E9 /* DogImage.swift */,
			);
			path = Dog;
			sourceTree = "<group>";
		};
		31B4801A28353D62003A74E9 /* BreedsList */ = {
			isa = PBXGroup;
			children = (
				31B4801B28353D79003A74E9 /* BreedsListViewCard.swift */,
				31B4801D28353D9C003A74E9 /* BreedListViewModel.swift */,
				31B4801F28353DBB003A74E9 /* BreedsListView.swift */,
			);
			path = BreedsList;
			sourceTree = "<group>";
		};
		3F85587528366B7C005BABBE /* Helpers */ = {
			isa = PBXGroup;
			children = (
				3F85587628366B9A005BABBE /* CGImage+CVPixelBuffer.swift */,
				3F85587828368781005BABBE /* Double+Percentage.swift */,
			);
			path = Helpers;
			sourceTree = "<group>";
		};
		3F85587A28368CC4005BABBE /* ML */ = {
			isa = PBXGroup;
			children = (
				3F855873283667BD005BABBE /* BreedClassifier.mlmodel */,
				3F73CFC128357F7B009F8AEF /* BreedDetector.swift */,
				3F85587B28368CE8005BABBE /* BreedClassification.swift */,
			);
			path = ML;
			sourceTree = "<group>";
		};
		3FA28A85282D276A00DC2FD8 /* Model */ = {
			isa = PBXGroup;
			children = (
				31954CF52844EAE400FE613C /* Dog */,
				3F85587A28368CC4005BABBE /* ML */,
				3FA28A86282D277500DC2FD8 /* API */,
			);
			path = Model;
			sourceTree = "<group>";
		};
		3FA28A86282D277500DC2FD8 /* API */ = {
			isa = PBXGroup;
			children = (
				3F33F3BE282E841D002A3BEE /* Request.swift */,
				31482916283BB1D8001E839D /* DogsApiService.swift */,
			);
			path = API;
			sourceTree = "<group>";
		};
		3FA28A87282D281900DC2FD8 /* Style */ = {
			isa = PBXGroup;
			children = (
				3F33F3BC282E83F8002A3BEE /* Colors.swift */,
				A704C3BE283E511E005E36B1 /* ImageExtendion.swift */,
			);
			path = Style;
			sourceTree = "<group>";
		};
		3FA28A88282D282D00DC2FD8 /* Scenes */ = {
			isa = PBXGroup;
			children = (
				86E2568C283D076E0095054B /* AR */,
				A704C3BB283BCDCD005E36B1 /* BreedSelection */,
				31B4801A28353D62003A74E9 /* BreedsList */,
				24A8B11C28350F5A0010C57B /* Camera */,
				3FBCE7EA282AAC6F004450D0 /* ContentView.swift */,
			);
			path = Scenes;
			sourceTree = "<group>";
		};
		3FA28A89282D296C00DC2FD8 /* Components */ = {
			isa = PBXGroup;
			children = (
				86DAE5BA283BA77A00DEA49A /* Cards */,
				24A8B11D283514600010C57B /* Buttons */,
			);
			path = Components;
			sourceTree = "<group>";
		};
		3FBCE7DC282AAC6F004450D0 = {
			isa = PBXGroup;
			children = (
				3FBCE7F6282AAD2A004450D0 /* .gitignore */,
				3FBCE7E7282AAC6F004450D0 /* what-a-dog */,
				24247D54283D1951001622F2 /* what-a-dogTests */,
				3FBCE7E6282AAC6F004450D0 /* Products */,
				8F31E54CEAD9591B0F22E5CA /* Pods */,
				512BBEB3EADF1E565DF544FD /* Frameworks */,
			);
			sourceTree = "<group>";
		};
		3FBCE7E6282AAC6F004450D0 /* Products */ = {
			isa = PBXGroup;
			children = (
				3FBCE7E5282AAC6F004450D0 /* what-a-dog.app */,
				24247D53283D1951001622F2 /* what-a-dogTests.xctest */,
			);
			name = Products;
			sourceTree = "<group>";
		};
		3FBCE7E7282AAC6F004450D0 /* what-a-dog */ = {
			isa = PBXGroup;
			children = (
				310A81E2283FC0140052270B /* Info.plist */,
				3F85587528366B7C005BABBE /* Helpers */,
				3FA28A89282D296C00DC2FD8 /* Components */,
				3FA28A88282D282D00DC2FD8 /* Scenes */,
				3FA28A87282D281900DC2FD8 /* Style */,
				3FA28A85282D276A00DC2FD8 /* Model */,
				3FBCE7E8282AAC6F004450D0 /* MainApp.swift */,
				3FBCE7EC282AAC71004450D0 /* Assets.xcassets */,
				3FBCE7EE282AAC71004450D0 /* Preview Content */,
			);
			path = "what-a-dog";
			sourceTree = "<group>";
		};
		3FBCE7EE282AAC71004450D0 /* Preview Content */ = {
			isa = PBXGroup;
			children = (
				3FBCE7EF282AAC71004450D0 /* Preview Assets.xcassets */,
			);
			path = "Preview Content";
			sourceTree = "<group>";
		};
		512BBEB3EADF1E565DF544FD /* Frameworks */ = {
			isa = PBXGroup;
			children = (
				FEC65B1FB76DCF1072F4DA0A /* Pods_what_a_dog.framework */,
			);
			name = Frameworks;
			sourceTree = "<group>";
		};
		86DAE5BA283BA77A00DEA49A /* Cards */ = {
			isa = PBXGroup;
			children = (
				86328F5D283654C2006B5B1E /* CornerRadius.swift */,
				8601286328326D26007A857E /* CardsView.swift */,
			);
			path = Cards;
			sourceTree = "<group>";
		};
		86E2568C283D076E0095054B /* AR */ = {
			isa = PBXGroup;
			children = (
				862EF028283E5B82006F1178 /* Bark.wav */,
				862EF026283E5A60006F1178 /* AudioManager.swift */,
				866CED99283D223600F2EEF7 /* Doguinho.scn */,
				866CED9B283D236900F2EEF7 /* Doguinho_low_poly_doguinho_uv_BaseColor.png */,
				866CED9D283D237800F2EEF7 /* Doguinho_low_poly_doguinho_uv_Normal.png */,
				866CED93283D220500F2EEF7 /* Doguinho_low_poly_doguinho_uv_Roughness.png */,
				86E2568D283D07930095054B /* ARView.swift */,
				8607A830284503D1004D0759 /* NavigationIndicator.swift */,
			);
			path = AR;
			sourceTree = "<group>";
		};
		8F31E54CEAD9591B0F22E5CA /* Pods */ = {
			isa = PBXGroup;
			children = (
				789A8769CCC26E5F5107BB23 /* Pods-what-a-dog.debug.xcconfig */,
				6E3EDFF6E245E950574BC6FE /* Pods-what-a-dog.release.xcconfig */,
			);
			path = Pods;
			sourceTree = "<group>";
		};
		A704C3BB283BCDCD005E36B1 /* BreedSelection */ = {
			isa = PBXGroup;
			children = (
				D0309EFE2833CE2A00C5CAE3 /* BreedSelectionModal.swift */,
				A704C3BC283BD045005E36B1 /* BreedSelectionCell.swift */,
			);
			path = BreedSelection;
			sourceTree = "<group>";
		};
/* End PBXGroup section */

/* Begin PBXNativeTarget section */
		24247D52283D1951001622F2 /* what-a-dogTests */ = {
			isa = PBXNativeTarget;
			buildConfigurationList = 24247D5B283D1951001622F2 /* Build configuration list for PBXNativeTarget "what-a-dogTests" */;
			buildPhases = (
				24247D4F283D1951001622F2 /* Sources */,
				24247D50283D1951001622F2 /* Frameworks */,
				24247D51283D1951001622F2 /* Resources */,
			);
			buildRules = (
			);
			dependencies = (
				24247D58283D1951001622F2 /* PBXTargetDependency */,
			);
			name = "what-a-dogTests";
			productName = "what-a-dogTests";
			productReference = 24247D53283D1951001622F2 /* what-a-dogTests.xctest */;
			productType = "com.apple.product-type.bundle.unit-test";
		};
		3FBCE7E4282AAC6F004450D0 /* what-a-dog */ = {
			isa = PBXNativeTarget;
			buildConfigurationList = 3FBCE7F3282AAC71004450D0 /* Build configuration list for PBXNativeTarget "what-a-dog" */;
			buildPhases = (
				CCE12BFBA1AE0F9922238C58 /* [CP] Check Pods Manifest.lock */,
				3F475BCD282D22D9003D3836 /* ShellScript */,
				3FA28A84282D264A00DC2FD8 /* ShellScript */,
				3FBCE7E1282AAC6F004450D0 /* Sources */,
				3FBCE7E2282AAC6F004450D0 /* Frameworks */,
				3FBCE7E3282AAC6F004450D0 /* Resources */,
			);
			buildRules = (
			);
			dependencies = (
			);
			name = "what-a-dog";
			productName = "what-a-dog";
			productReference = 3FBCE7E5282AAC6F004450D0 /* what-a-dog.app */;
			productType = "com.apple.product-type.application";
		};
/* End PBXNativeTarget section */

/* Begin PBXProject section */
		3FBCE7DD282AAC6F004450D0 /* Project object */ = {
			isa = PBXProject;
			attributes = {
				BuildIndependentTargetsInParallel = 1;
				LastSwiftUpdateCheck = 1340;
				LastUpgradeCheck = 1330;
				TargetAttributes = {
					24247D52283D1951001622F2 = {
						CreatedOnToolsVersion = 13.4;
						TestTargetID = 3FBCE7E4282AAC6F004450D0;
					};
					3FBCE7E4282AAC6F004450D0 = {
						CreatedOnToolsVersion = 13.3.1;
					};
				};
			};
			buildConfigurationList = 3FBCE7E0282AAC6F004450D0 /* Build configuration list for PBXProject "what-a-dog" */;
			compatibilityVersion = "Xcode 13.0";
			developmentRegion = en;
			hasScannedForEncodings = 0;
			knownRegions = (
				en,
				Base,
			);
			mainGroup = 3FBCE7DC282AAC6F004450D0;
			productRefGroup = 3FBCE7E6282AAC6F004450D0 /* Products */;
			projectDirPath = "";
			projectRoot = "";
			targets = (
				3FBCE7E4282AAC6F004450D0 /* what-a-dog */,
				24247D52283D1951001622F2 /* what-a-dogTests */,
			);
		};
/* End PBXProject section */

/* Begin PBXResourcesBuildPhase section */
		24247D51283D1951001622F2 /* Resources */ = {
			isa = PBXResourcesBuildPhase;
			buildActionMask = 2147483647;
			files = (
			);
			runOnlyForDeploymentPostprocessing = 0;
		};
		3FBCE7E3282AAC6F004450D0 /* Resources */ = {
			isa = PBXResourcesBuildPhase;
			buildActionMask = 2147483647;
			files = (
				3FBCE7F0282AAC71004450D0 /* Preview Assets.xcassets in Resources */,
				862EF029283E5B82006F1178 /* Bark.wav in Resources */,
				3FBCE7F7282AAD2A004450D0 /* .gitignore in Resources */,
				866CED98283D220500F2EEF7 /* Doguinho_low_poly_doguinho_uv_Roughness.png in Resources */,
				866CED9A283D223600F2EEF7 /* Doguinho.scn in Resources */,
				866CED9E283D237800F2EEF7 /* Doguinho_low_poly_doguinho_uv_Normal.png in Resources */,
				866CED9C283D236900F2EEF7 /* Doguinho_low_poly_doguinho_uv_BaseColor.png in Resources */,
				3FBCE7ED282AAC71004450D0 /* Assets.xcassets in Resources */,
			);
			runOnlyForDeploymentPostprocessing = 0;
		};
/* End PBXResourcesBuildPhase section */

/* Begin PBXShellScriptBuildPhase section */
		3F475BCD282D22D9003D3836 /* ShellScript */ = {
			isa = PBXShellScriptBuildPhase;
			buildActionMask = 2147483647;
			files = (
			);
			inputFileListPaths = (
			);
			inputPaths = (
			);
			outputFileListPaths = (
			);
			outputPaths = (
			);
			runOnlyForDeploymentPostprocessing = 0;
			shellPath = /bin/sh;
			shellScript = "\"${PODS_ROOT}/SwiftFormat/CommandLineTool/swiftformat\" \"$SRCROOT\"\n";
		};
		3FA28A84282D264A00DC2FD8 /* ShellScript */ = {
			isa = PBXShellScriptBuildPhase;
			buildActionMask = 2147483647;
			files = (
			);
			inputFileListPaths = (
			);
			inputPaths = (
			);
			outputFileListPaths = (
			);
			outputPaths = (
			);
			runOnlyForDeploymentPostprocessing = 0;
			shellPath = /bin/sh;
			shellScript = "\"${PODS_ROOT}/SwiftLint/swiftlint\"\n";
		};
		CCE12BFBA1AE0F9922238C58 /* [CP] Check Pods Manifest.lock */ = {
			isa = PBXShellScriptBuildPhase;
			buildActionMask = 2147483647;
			files = (
			);
			inputFileListPaths = (
			);
			inputPaths = (
				"${PODS_PODFILE_DIR_PATH}/Podfile.lock",
				"${PODS_ROOT}/Manifest.lock",
			);
			name = "[CP] Check Pods Manifest.lock";
			outputFileListPaths = (
			);
			outputPaths = (
				"$(DERIVED_FILE_DIR)/Pods-what-a-dog-checkManifestLockResult.txt",
			);
			runOnlyForDeploymentPostprocessing = 0;
			shellPath = /bin/sh;
			shellScript = "diff \"${PODS_PODFILE_DIR_PATH}/Podfile.lock\" \"${PODS_ROOT}/Manifest.lock\" > /dev/null\nif [ $? != 0 ] ; then\n    # print error to STDERR\n    echo \"error: The sandbox is not in sync with the Podfile.lock. Run 'pod install' or update your CocoaPods installation.\" >&2\n    exit 1\nfi\n# This output is used by Xcode 'outputs' to avoid re-running this script phase.\necho \"SUCCESS\" > \"${SCRIPT_OUTPUT_FILE_0}\"\n";
			showEnvVarsInLog = 0;
		};
/* End PBXShellScriptBuildPhase section */

/* Begin PBXSourcesBuildPhase section */
		24247D4F283D1951001622F2 /* Sources */ = {
			isa = PBXSourcesBuildPhase;
			buildActionMask = 2147483647;
			files = (
				24247D5D283D1997001622F2 /* CameraTests.swift in Sources */,
			);
			runOnlyForDeploymentPostprocessing = 0;
		};
		3FBCE7E1282AAC6F004450D0 /* Sources */ = {
			isa = PBXSourcesBuildPhase;
			buildActionMask = 2147483647;
			files = (
				24247D5F283DD753001622F2 /* CameraService.swift in Sources */,
				24247D4E283BA72A001622F2 /* ConfirmationView.swift in Sources */,
				8607A82F28450305004D0759 /* ARButton.swift in Sources */,
				3F85587C28368CE8005BABBE /* BreedClassification.swift in Sources */,
				3F855874283667BD005BABBE /* BreedClassifier.mlmodel in Sources */,
				31B4801928353D1B003A74E9 /* DogImage.swift in Sources */,
				8601286428326D26007A857E /* CardsView.swift in Sources */,
				86328F5E283654C2006B5B1E /* CornerRadius.swift in Sources */,
				3FBCE7EB282AAC6F004450D0 /* ContentView.swift in Sources */,
				D0309EFF2833CE2A00C5CAE3 /* BreedSelectionModal.swift in Sources */,
				A704C3BD283BD045005E36B1 /* BreedSelectionCell.swift in Sources */,
				8607A831284503D1004D0759 /* NavigationIndicator.swift in Sources */,
				3F33F3BD282E83F8002A3BEE /* Colors.swift in Sources */,
				3F85587728366B9A005BABBE /* CGImage+CVPixelBuffer.swift in Sources */,
				3F33F3BF282E841D002A3BEE /* Request.swift in Sources */,
				3F33F3BB282E83A2002A3BEE /* WADButton.swift in Sources */,
				3F85587928368781005BABBE /* Double+Percentage.swift in Sources */,
				24E73A7D2833D0A000CBA2EC /* CameraPreview.swift in Sources */,
				A704C3BF283E511E005E36B1 /* ImageExtendion.swift in Sources */,
				24E73A772833B86300CBA2EC /* CameraView.swift in Sources */,
				24E73A7B2833C28D00CBA2EC /* CameraViewModel.swift in Sources */,
				3FBCE7E9282AAC6F004450D0 /* MainApp.swift in Sources */,
				24A8B123283522AF0010C57B /* ImagePickerPreview.swift in Sources */,
				3F73CFC228357F7B009F8AEF /* BreedDetector.swift in Sources */,
				31B4801528353CD6003A74E9 /* DogHeight.swift in Sources */,
				86E2568E283D07930095054B /* ARView.swift in Sources */,
				31B4801E28353D9C003A74E9 /* BreedListViewModel.swift in Sources */,
				31B4801C28353D79003A74E9 /* BreedsListViewCard.swift in Sources */,
				86AFB49E284633BA00AA5429 /* NavBackButton.swift in Sources */,
				31482917283BB1D8001E839D /* DogsApiService.swift in Sources */,
				31B4802028353DBB003A74E9 /* BreedsListView.swift in Sources */,
				31B4801728353CF3003A74E9 /* DogWeight.swift in Sources */,
				24E73A792833BBD900CBA2EC /* TakePictureButton.swift in Sources */,
				31B4801328353CB9003A74E9 /* Dog.swift in Sources */,
				862EF027283E5A60006F1178 /* AudioManager.swift in Sources */,
				24A8B11F2835148D0010C57B /* CameraActionButton.swift in Sources */,
			);
			runOnlyForDeploymentPostprocessing = 0;
		};
/* End PBXSourcesBuildPhase section */

/* Begin PBXTargetDependency section */
		24247D58283D1951001622F2 /* PBXTargetDependency */ = {
			isa = PBXTargetDependency;
			target = 3FBCE7E4282AAC6F004450D0 /* what-a-dog */;
			targetProxy = 24247D57283D1951001622F2 /* PBXContainerItemProxy */;
		};
/* End PBXTargetDependency section */

/* Begin XCBuildConfiguration section */
		24247D59283D1951001622F2 /* Debug */ = {
			isa = XCBuildConfiguration;
			buildSettings = {
				BUNDLE_LOADER = "$(TEST_HOST)";
				CODE_SIGN_STYLE = Automatic;
				CURRENT_PROJECT_VERSION = 1;
				DEVELOPMENT_TEAM = A896M3FV6D;
				GENERATE_INFOPLIST_FILE = YES;
				IPHONEOS_DEPLOYMENT_TARGET = 15.5;
				MARKETING_VERSION = 1.0;
				PRODUCT_BUNDLE_IDENTIFIER = "br.com.lari.what-a-dogTests";
				PRODUCT_NAME = "$(TARGET_NAME)";
				SWIFT_EMIT_LOC_STRINGS = NO;
				SWIFT_VERSION = 5.0;
				TARGETED_DEVICE_FAMILY = "1,2";
				TEST_HOST = "$(BUILT_PRODUCTS_DIR)/what-a-dog.app/what-a-dog";
			};
			name = Debug;
		};
		24247D5A283D1951001622F2 /* Release */ = {
			isa = XCBuildConfiguration;
			buildSettings = {
				BUNDLE_LOADER = "$(TEST_HOST)";
				CODE_SIGN_STYLE = Automatic;
				CURRENT_PROJECT_VERSION = 1;
				DEVELOPMENT_TEAM = A896M3FV6D;
				GENERATE_INFOPLIST_FILE = YES;
				IPHONEOS_DEPLOYMENT_TARGET = 15.5;
				MARKETING_VERSION = 1.0;
				PRODUCT_BUNDLE_IDENTIFIER = "br.com.lari.what-a-dogTests";
				PRODUCT_NAME = "$(TARGET_NAME)";
				SWIFT_EMIT_LOC_STRINGS = NO;
				SWIFT_VERSION = 5.0;
				TARGETED_DEVICE_FAMILY = "1,2";
				TEST_HOST = "$(BUILT_PRODUCTS_DIR)/what-a-dog.app/what-a-dog";
			};
			name = Release;
		};
		3FBCE7F1282AAC71004450D0 /* Debug */ = {
			isa = XCBuildConfiguration;
			buildSettings = {
				ALWAYS_SEARCH_USER_PATHS = NO;
				CLANG_ANALYZER_NONNULL = YES;
				CLANG_ANALYZER_NUMBER_OBJECT_CONVERSION = YES_AGGRESSIVE;
				CLANG_CXX_LANGUAGE_STANDARD = "gnu++17";
				CLANG_ENABLE_MODULES = YES;
				CLANG_ENABLE_OBJC_ARC = YES;
				CLANG_ENABLE_OBJC_WEAK = YES;
				CLANG_WARN_BLOCK_CAPTURE_AUTORELEASING = YES;
				CLANG_WARN_BOOL_CONVERSION = YES;
				CLANG_WARN_COMMA = YES;
				CLANG_WARN_CONSTANT_CONVERSION = YES;
				CLANG_WARN_DEPRECATED_OBJC_IMPLEMENTATIONS = YES;
				CLANG_WARN_DIRECT_OBJC_ISA_USAGE = YES_ERROR;
				CLANG_WARN_DOCUMENTATION_COMMENTS = YES;
				CLANG_WARN_EMPTY_BODY = YES;
				CLANG_WARN_ENUM_CONVERSION = YES;
				CLANG_WARN_INFINITE_RECURSION = YES;
				CLANG_WARN_INT_CONVERSION = YES;
				CLANG_WARN_NON_LITERAL_NULL_CONVERSION = YES;
				CLANG_WARN_OBJC_IMPLICIT_RETAIN_SELF = YES;
				CLANG_WARN_OBJC_LITERAL_CONVERSION = YES;
				CLANG_WARN_OBJC_ROOT_CLASS = YES_ERROR;
				CLANG_WARN_QUOTED_INCLUDE_IN_FRAMEWORK_HEADER = YES;
				CLANG_WARN_RANGE_LOOP_ANALYSIS = YES;
				CLANG_WARN_STRICT_PROTOTYPES = YES;
				CLANG_WARN_SUSPICIOUS_MOVE = YES;
				CLANG_WARN_UNGUARDED_AVAILABILITY = YES_AGGRESSIVE;
				CLANG_WARN_UNREACHABLE_CODE = YES;
				CLANG_WARN__DUPLICATE_METHOD_MATCH = YES;
				COPY_PHASE_STRIP = NO;
				DEBUG_INFORMATION_FORMAT = dwarf;
				ENABLE_STRICT_OBJC_MSGSEND = YES;
				ENABLE_TESTABILITY = YES;
				GCC_C_LANGUAGE_STANDARD = gnu11;
				GCC_DYNAMIC_NO_PIC = NO;
				GCC_NO_COMMON_BLOCKS = YES;
				GCC_OPTIMIZATION_LEVEL = 0;
				GCC_PREPROCESSOR_DEFINITIONS = (
					"DEBUG=1",
					"$(inherited)",
				);
				GCC_WARN_64_TO_32_BIT_CONVERSION = YES;
				GCC_WARN_ABOUT_RETURN_TYPE = YES_ERROR;
				GCC_WARN_UNDECLARED_SELECTOR = YES;
				GCC_WARN_UNINITIALIZED_AUTOS = YES_AGGRESSIVE;
				GCC_WARN_UNUSED_FUNCTION = YES;
				GCC_WARN_UNUSED_VARIABLE = YES;
				IPHONEOS_DEPLOYMENT_TARGET = 15.4;
				MTL_ENABLE_DEBUG_INFO = INCLUDE_SOURCE;
				MTL_FAST_MATH = YES;
				ONLY_ACTIVE_ARCH = YES;
				SDKROOT = iphoneos;
				SWIFT_ACTIVE_COMPILATION_CONDITIONS = DEBUG;
				SWIFT_OPTIMIZATION_LEVEL = "-Onone";
			};
			name = Debug;
		};
		3FBCE7F2282AAC71004450D0 /* Release */ = {
			isa = XCBuildConfiguration;
			buildSettings = {
				ALWAYS_SEARCH_USER_PATHS = NO;
				CLANG_ANALYZER_NONNULL = YES;
				CLANG_ANALYZER_NUMBER_OBJECT_CONVERSION = YES_AGGRESSIVE;
				CLANG_CXX_LANGUAGE_STANDARD = "gnu++17";
				CLANG_ENABLE_MODULES = YES;
				CLANG_ENABLE_OBJC_ARC = YES;
				CLANG_ENABLE_OBJC_WEAK = YES;
				CLANG_WARN_BLOCK_CAPTURE_AUTORELEASING = YES;
				CLANG_WARN_BOOL_CONVERSION = YES;
				CLANG_WARN_COMMA = YES;
				CLANG_WARN_CONSTANT_CONVERSION = YES;
				CLANG_WARN_DEPRECATED_OBJC_IMPLEMENTATIONS = YES;
				CLANG_WARN_DIRECT_OBJC_ISA_USAGE = YES_ERROR;
				CLANG_WARN_DOCUMENTATION_COMMENTS = YES;
				CLANG_WARN_EMPTY_BODY = YES;
				CLANG_WARN_ENUM_CONVERSION = YES;
				CLANG_WARN_INFINITE_RECURSION = YES;
				CLANG_WARN_INT_CONVERSION = YES;
				CLANG_WARN_NON_LITERAL_NULL_CONVERSION = YES;
				CLANG_WARN_OBJC_IMPLICIT_RETAIN_SELF = YES;
				CLANG_WARN_OBJC_LITERAL_CONVERSION = YES;
				CLANG_WARN_OBJC_ROOT_CLASS = YES_ERROR;
				CLANG_WARN_QUOTED_INCLUDE_IN_FRAMEWORK_HEADER = YES;
				CLANG_WARN_RANGE_LOOP_ANALYSIS = YES;
				CLANG_WARN_STRICT_PROTOTYPES = YES;
				CLANG_WARN_SUSPICIOUS_MOVE = YES;
				CLANG_WARN_UNGUARDED_AVAILABILITY = YES_AGGRESSIVE;
				CLANG_WARN_UNREACHABLE_CODE = YES;
				CLANG_WARN__DUPLICATE_METHOD_MATCH = YES;
				COPY_PHASE_STRIP = NO;
				DEBUG_INFORMATION_FORMAT = "dwarf-with-dsym";
				ENABLE_NS_ASSERTIONS = NO;
				ENABLE_STRICT_OBJC_MSGSEND = YES;
				GCC_C_LANGUAGE_STANDARD = gnu11;
				GCC_NO_COMMON_BLOCKS = YES;
				GCC_WARN_64_TO_32_BIT_CONVERSION = YES;
				GCC_WARN_ABOUT_RETURN_TYPE = YES_ERROR;
				GCC_WARN_UNDECLARED_SELECTOR = YES;
				GCC_WARN_UNINITIALIZED_AUTOS = YES_AGGRESSIVE;
				GCC_WARN_UNUSED_FUNCTION = YES;
				GCC_WARN_UNUSED_VARIABLE = YES;
				IPHONEOS_DEPLOYMENT_TARGET = 15.4;
				MTL_ENABLE_DEBUG_INFO = NO;
				MTL_FAST_MATH = YES;
				SDKROOT = iphoneos;
				SWIFT_COMPILATION_MODE = wholemodule;
				SWIFT_OPTIMIZATION_LEVEL = "-O";
				VALIDATE_PRODUCT = YES;
			};
			name = Release;
		};
		3FBCE7F4282AAC71004450D0 /* Debug */ = {
			isa = XCBuildConfiguration;
			baseConfigurationReference = 789A8769CCC26E5F5107BB23 /* Pods-what-a-dog.debug.xcconfig */;
			buildSettings = {
				ASSETCATALOG_COMPILER_APPICON_NAME = AppIcon;
				ASSETCATALOG_COMPILER_GLOBAL_ACCENT_COLOR_NAME = AccentColor;
				CODE_SIGN_STYLE = Automatic;
				CURRENT_PROJECT_VERSION = 1;
				DEVELOPMENT_ASSET_PATHS = "\"what-a-dog/Preview Content\"";
				DEVELOPMENT_TEAM = 7XM8M8X33C;
				ENABLE_PREVIEWS = YES;
				GENERATE_INFOPLIST_FILE = YES;
				INFOPLIST_FILE = "what-a-dog/Info.plist";
				INFOPLIST_KEY_NSCameraUsageDescription = "This app uses the camera to take cute pictures of dogs.";
				INFOPLIST_KEY_NSPhotoLibraryUsageDescription = "This app uses the photo library to get cute pictures of dogs.";
				INFOPLIST_KEY_UIApplicationSceneManifest_Generation = YES;
				INFOPLIST_KEY_UIApplicationSupportsIndirectInputEvents = YES;
				INFOPLIST_KEY_UILaunchScreen_Generation = YES;
				INFOPLIST_KEY_UISupportedInterfaceOrientations = UIInterfaceOrientationPortrait;
				INFOPLIST_KEY_UISupportedInterfaceOrientations_iPhone = UIInterfaceOrientationPortrait;
				LD_RUNPATH_SEARCH_PATHS = (
					"$(inherited)",
					"@executable_path/Frameworks",
				);
				MARKETING_VERSION = 1.0;
				PRODUCT_BUNDLE_IDENTIFIER = "Fer.what-a-dog";
				PRODUCT_NAME = "$(TARGET_NAME)";
				SWIFT_EMIT_LOC_STRINGS = YES;
				SWIFT_VERSION = 5.0;
				TARGETED_DEVICE_FAMILY = 1;
			};
			name = Debug;
		};
		3FBCE7F5282AAC71004450D0 /* Release */ = {
			isa = XCBuildConfiguration;
			baseConfigurationReference = 6E3EDFF6E245E950574BC6FE /* Pods-what-a-dog.release.xcconfig */;
			buildSettings = {
				ASSETCATALOG_COMPILER_APPICON_NAME = AppIcon;
				ASSETCATALOG_COMPILER_GLOBAL_ACCENT_COLOR_NAME = AccentColor;
				CODE_SIGN_STYLE = Automatic;
				CURRENT_PROJECT_VERSION = 1;
				DEVELOPMENT_ASSET_PATHS = "\"what-a-dog/Preview Content\"";
				DEVELOPMENT_TEAM = 7XM8M8X33C;
				ENABLE_PREVIEWS = YES;
				GENERATE_INFOPLIST_FILE = YES;
				INFOPLIST_FILE = "what-a-dog/Info.plist";
				INFOPLIST_KEY_NSCameraUsageDescription = "This app uses the camera to take cute pictures of dogs.";
				INFOPLIST_KEY_NSPhotoLibraryUsageDescription = "This app uses the photo library to get cute pictures of dogs.";
				INFOPLIST_KEY_UIApplicationSceneManifest_Generation = YES;
				INFOPLIST_KEY_UIApplicationSupportsIndirectInputEvents = YES;
				INFOPLIST_KEY_UILaunchScreen_Generation = YES;
				INFOPLIST_KEY_UISupportedInterfaceOrientations = UIInterfaceOrientationPortrait;
				INFOPLIST_KEY_UISupportedInterfaceOrientations_iPhone = UIInterfaceOrientationPortrait;
				LD_RUNPATH_SEARCH_PATHS = (
					"$(inherited)",
					"@executable_path/Frameworks",
				);
				MARKETING_VERSION = 1.0;
				PRODUCT_BUNDLE_IDENTIFIER = "Fer.what-a-dog";
				PRODUCT_NAME = "$(TARGET_NAME)";
				SWIFT_EMIT_LOC_STRINGS = YES;
				SWIFT_VERSION = 5.0;
				TARGETED_DEVICE_FAMILY = 1;
			};
			name = Release;
		};
/* End XCBuildConfiguration section */

/* Begin XCConfigurationList section */
		24247D5B283D1951001622F2 /* Build configuration list for PBXNativeTarget "what-a-dogTests" */ = {
			isa = XCConfigurationList;
			buildConfigurations = (
				24247D59283D1951001622F2 /* Debug */,
				24247D5A283D1951001622F2 /* Release */,
			);
			defaultConfigurationIsVisible = 0;
			defaultConfigurationName = Release;
		};
		3FBCE7E0282AAC6F004450D0 /* Build configuration list for PBXProject "what-a-dog" */ = {
			isa = XCConfigurationList;
			buildConfigurations = (
				3FBCE7F1282AAC71004450D0 /* Debug */,
				3FBCE7F2282AAC71004450D0 /* Release */,
			);
			defaultConfigurationIsVisible = 0;
			defaultConfigurationName = Release;
		};
		3FBCE7F3282AAC71004450D0 /* Build configuration list for PBXNativeTarget "what-a-dog" */ = {
			isa = XCConfigurationList;
			buildConfigurations = (
				3FBCE7F4282AAC71004450D0 /* Debug */,
				3FBCE7F5282AAC71004450D0 /* Release */,
			);
			defaultConfigurationIsVisible = 0;
			defaultConfigurationName = Release;
		};
/* End XCConfigurationList section */
	};
	rootObject = 3FBCE7DD282AAC6F004450D0 /* Project object */;
}
